// !$*UTF8*$!
{
	archiveVersion = 1;
	classes = {
	};
	objectVersion = 46;
	objects = {

/* Begin PBXBuildFile section */
		24A46DB1965947A09D6E379B /* libPods.a in Frameworks */ = {isa = PBXBuildFile; fileRef = 39007D8C259A4DC9B9A0AD65 /* libPods.a */; };
		FA065DD118F3F33200BD3CAE /* ABMultiton+SetInstance.m in Sources */ = {isa = PBXBuildFile; fileRef = FA065DD018F3F33200BD3CAE /* ABMultiton+SetInstance.m */; };
		FA065DD518F3F62E00BD3CAE /* ABMultitonSetInstanceSpec.mm in Sources */ = {isa = PBXBuildFile; fileRef = FA065DD418F3F62E00BD3CAE /* ABMultitonSetInstanceSpec.mm */; };
		FA22235018C07E2E009644EE /* MagicObject.m in Sources */ = {isa = PBXBuildFile; fileRef = FA22234F18C07E2E009644EE /* MagicObject.m */; };
		FA22235718C08077009644EE /* ABMultiton.m in Sources */ = {isa = PBXBuildFile; fileRef = FA22235518C08077009644EE /* ABMultiton.m */; };
		FA22235A18C08093009644EE /* ABMultitonInjector.m in Sources */ = {isa = PBXBuildFile; fileRef = FA22235918C08093009644EE /* ABMultitonInjector.m */; };
		FA465E8318BFB7E100B59BCC /* Foundation.framework in Frameworks */ = {isa = PBXBuildFile; fileRef = FA465E8218BFB7E100B59BCC /* Foundation.framework */; };
		FA465E8518BFB7E100B59BCC /* CoreGraphics.framework in Frameworks */ = {isa = PBXBuildFile; fileRef = FA465E8418BFB7E100B59BCC /* CoreGraphics.framework */; };
		FA465E8718BFB7E100B59BCC /* UIKit.framework in Frameworks */ = {isa = PBXBuildFile; fileRef = FA465E8618BFB7E100B59BCC /* UIKit.framework */; };
		FA465E8D18BFB7E100B59BCC /* InfoPlist.strings in Resources */ = {isa = PBXBuildFile; fileRef = FA465E8B18BFB7E100B59BCC /* InfoPlist.strings */; };
		FA465E8F18BFB7E100B59BCC /* main.m in Sources */ = {isa = PBXBuildFile; fileRef = FA465E8E18BFB7E100B59BCC /* main.m */; };
		FA465E9518BFB7E100B59BCC /* Images.xcassets in Resources */ = {isa = PBXBuildFile; fileRef = FA465E9418BFB7E100B59BCC /* Images.xcassets */; };
		FA465EB318BFB94900B59BCC /* ABMultitonSpec.mm in Sources */ = {isa = PBXBuildFile; fileRef = FA465EB218BFB94900B59BCC /* ABMultitonSpec.mm */; };
		FA465EBC18BFDA2A00B59BCC /* SimpleObject.m in Sources */ = {isa = PBXBuildFile; fileRef = FA465EBB18BFDA2A00B59BCC /* SimpleObject.m */; };
		FA71A86118C5EE80005916EA /* Foundation.framework in Frameworks */ = {isa = PBXBuildFile; fileRef = FA465E8218BFB7E100B59BCC /* Foundation.framework */; };
		FA71A86218C5EE80005916EA /* CoreGraphics.framework in Frameworks */ = {isa = PBXBuildFile; fileRef = FA465E8418BFB7E100B59BCC /* CoreGraphics.framework */; };
		FA71A86318C5EE80005916EA /* UIKit.framework in Frameworks */ = {isa = PBXBuildFile; fileRef = FA465E8618BFB7E100B59BCC /* UIKit.framework */; };
		FA71A86918C5EE80005916EA /* InfoPlist.strings in Resources */ = {isa = PBXBuildFile; fileRef = FA71A86718C5EE80005916EA /* InfoPlist.strings */; };
		FA71A86B18C5EE80005916EA /* main.m in Sources */ = {isa = PBXBuildFile; fileRef = FA71A86A18C5EE80005916EA /* main.m */; };
		FA71A86F18C5EE80005916EA /* AppDelegate.m in Sources */ = {isa = PBXBuildFile; fileRef = FA71A86E18C5EE80005916EA /* AppDelegate.m */; };
		FA71A87118C5EE80005916EA /* Images.xcassets in Resources */ = {isa = PBXBuildFile; fileRef = FA71A87018C5EE80005916EA /* Images.xcassets */; };
		FA71A88B18C5EECD005916EA /* MagicObject.m in Sources */ = {isa = PBXBuildFile; fileRef = FA22234F18C07E2E009644EE /* MagicObject.m */; };
		FA71A88C18C5EF5D005916EA /* ABMultiton.m in Sources */ = {isa = PBXBuildFile; fileRef = FA22235518C08077009644EE /* ABMultiton.m */; };
		FA71A88D18C5EF78005916EA /* ABMultitonInjector.m in Sources */ = {isa = PBXBuildFile; fileRef = FA22235918C08093009644EE /* ABMultitonInjector.m */; };
/* End PBXBuildFile section */

/* Begin PBXFileReference section */
		39007D8C259A4DC9B9A0AD65 /* libPods.a */ = {isa = PBXFileReference; explicitFileType = archive.ar; includeInIndex = 0; path = libPods.a; sourceTree = BUILT_PRODUCTS_DIR; };
		6D810A32498047E3AE2E0668 /* Pods.xcconfig */ = {isa = PBXFileReference; includeInIndex = 1; lastKnownFileType = text.xcconfig; name = Pods.xcconfig; path = Pods/Pods.xcconfig; sourceTree = "<group>"; };
		FA065DCF18F3F33200BD3CAE /* ABMultiton+SetInstance.h */ = {isa = PBXFileReference; fileEncoding = 4; lastKnownFileType = sourcecode.c.h; name = "ABMultiton+SetInstance.h"; path = "Subspecs/ABMultiton+SetInstance.h"; sourceTree = "<group>"; };
		FA065DD018F3F33200BD3CAE /* ABMultiton+SetInstance.m */ = {isa = PBXFileReference; fileEncoding = 4; lastKnownFileType = sourcecode.c.objc; name = "ABMultiton+SetInstance.m"; path = "Subspecs/ABMultiton+SetInstance.m"; sourceTree = "<group>"; };
		FA065DD418F3F62E00BD3CAE /* ABMultitonSetInstanceSpec.mm */ = {isa = PBXFileReference; fileEncoding = 4; lastKnownFileType = sourcecode.cpp.objcpp; path = ABMultitonSetInstanceSpec.mm; sourceTree = "<group>"; };
		FA22234E18C07E2E009644EE /* MagicObject.h */ = {isa = PBXFileReference; fileEncoding = 4; lastKnownFileType = sourcecode.c.h; path = MagicObject.h; sourceTree = "<group>"; };
		FA22234F18C07E2E009644EE /* MagicObject.m */ = {isa = PBXFileReference; fileEncoding = 4; lastKnownFileType = sourcecode.c.objc; path = MagicObject.m; sourceTree = "<group>"; };
		FA22235418C08077009644EE /* ABMultiton.h */ = {isa = PBXFileReference; fileEncoding = 4; lastKnownFileType = sourcecode.c.h; path = ABMultiton.h; sourceTree = "<group>"; };
		FA22235518C08077009644EE /* ABMultiton.m */ = {isa = PBXFileReference; fileEncoding = 4; lastKnownFileType = sourcecode.c.objc; path = ABMultiton.m; sourceTree = "<group>"; };
		FA22235618C08077009644EE /* ABMultitonProtocol.h */ = {isa = PBXFileReference; fileEncoding = 4; lastKnownFileType = sourcecode.c.h; path = ABMultitonProtocol.h; sourceTree = "<group>"; };
		FA22235818C08093009644EE /* ABMultitonInjector.h */ = {isa = PBXFileReference; fileEncoding = 4; lastKnownFileType = sourcecode.c.h; path = ABMultitonInjector.h; sourceTree = "<group>"; };
		FA22235918C08093009644EE /* ABMultitonInjector.m */ = {isa = PBXFileReference; fileEncoding = 4; lastKnownFileType = sourcecode.c.objc; path = ABMultitonInjector.m; sourceTree = "<group>"; };
		FA465E7F18BFB7E100B59BCC /* ABMultitonSpec.app */ = {isa = PBXFileReference; explicitFileType = wrapper.application; includeInIndex = 0; path = ABMultitonSpec.app; sourceTree = BUILT_PRODUCTS_DIR; };
		FA465E8218BFB7E100B59BCC /* Foundation.framework */ = {isa = PBXFileReference; lastKnownFileType = wrapper.framework; name = Foundation.framework; path = System/Library/Frameworks/Foundation.framework; sourceTree = SDKROOT; };
		FA465E8418BFB7E100B59BCC /* CoreGraphics.framework */ = {isa = PBXFileReference; lastKnownFileType = wrapper.framework; name = CoreGraphics.framework; path = System/Library/Frameworks/CoreGraphics.framework; sourceTree = SDKROOT; };
		FA465E8618BFB7E100B59BCC /* UIKit.framework */ = {isa = PBXFileReference; lastKnownFileType = wrapper.framework; name = UIKit.framework; path = System/Library/Frameworks/UIKit.framework; sourceTree = SDKROOT; };
		FA465E8A18BFB7E100B59BCC /* ABMultitonSpec-Info.plist */ = {isa = PBXFileReference; lastKnownFileType = text.plist.xml; path = "ABMultitonSpec-Info.plist"; sourceTree = "<group>"; };
		FA465E8C18BFB7E100B59BCC /* en */ = {isa = PBXFileReference; lastKnownFileType = text.plist.strings; name = en; path = en.lproj/InfoPlist.strings; sourceTree = "<group>"; };
		FA465E8E18BFB7E100B59BCC /* main.m */ = {isa = PBXFileReference; lastKnownFileType = sourcecode.c.objc; path = main.m; sourceTree = "<group>"; };
		FA465E9018BFB7E100B59BCC /* ABMultitonSpec-Prefix.pch */ = {isa = PBXFileReference; lastKnownFileType = sourcecode.c.h; path = "ABMultitonSpec-Prefix.pch"; sourceTree = "<group>"; };
		FA465E9418BFB7E100B59BCC /* Images.xcassets */ = {isa = PBXFileReference; lastKnownFileType = folder.assetcatalog; path = Images.xcassets; sourceTree = "<group>"; };
		FA465E9B18BFB7E100B59BCC /* XCTest.framework */ = {isa = PBXFileReference; lastKnownFileType = wrapper.framework; name = XCTest.framework; path = Library/Frameworks/XCTest.framework; sourceTree = DEVELOPER_DIR; };
		FA465EB218BFB94900B59BCC /* ABMultitonSpec.mm */ = {isa = PBXFileReference; fileEncoding = 4; lastKnownFileType = sourcecode.cpp.objcpp; path = ABMultitonSpec.mm; sourceTree = "<group>"; };
		FA465EBA18BFDA2A00B59BCC /* SimpleObject.h */ = {isa = PBXFileReference; fileEncoding = 4; lastKnownFileType = sourcecode.c.h; path = SimpleObject.h; sourceTree = "<group>"; };
		FA465EBB18BFDA2A00B59BCC /* SimpleObject.m */ = {isa = PBXFileReference; fileEncoding = 4; lastKnownFileType = sourcecode.c.objc; path = SimpleObject.m; sourceTree = "<group>"; };
		FA71A86018C5EE80005916EA /* ABMultitonApp.app */ = {isa = PBXFileReference; explicitFileType = wrapper.application; includeInIndex = 0; path = ABMultitonApp.app; sourceTree = BUILT_PRODUCTS_DIR; };
		FA71A86618C5EE80005916EA /* ABMultitonApp-Info.plist */ = {isa = PBXFileReference; lastKnownFileType = text.plist.xml; path = "ABMultitonApp-Info.plist"; sourceTree = "<group>"; };
		FA71A86818C5EE80005916EA /* en */ = {isa = PBXFileReference; lastKnownFileType = text.plist.strings; name = en; path = en.lproj/InfoPlist.strings; sourceTree = "<group>"; };
		FA71A86A18C5EE80005916EA /* main.m */ = {isa = PBXFileReference; lastKnownFileType = sourcecode.c.objc; path = main.m; sourceTree = "<group>"; };
		FA71A86C18C5EE80005916EA /* ABMultitonApp-Prefix.pch */ = {isa = PBXFileReference; lastKnownFileType = sourcecode.c.h; path = "ABMultitonApp-Prefix.pch"; sourceTree = "<group>"; };
		FA71A86D18C5EE80005916EA /* AppDelegate.h */ = {isa = PBXFileReference; lastKnownFileType = sourcecode.c.h; path = AppDelegate.h; sourceTree = "<group>"; };
		FA71A86E18C5EE80005916EA /* AppDelegate.m */ = {isa = PBXFileReference; lastKnownFileType = sourcecode.c.objc; path = AppDelegate.m; sourceTree = "<group>"; };
		FA71A87018C5EE80005916EA /* Images.xcassets */ = {isa = PBXFileReference; lastKnownFileType = folder.assetcatalog; path = Images.xcassets; sourceTree = "<group>"; };
/* End PBXFileReference section */

/* Begin PBXFrameworksBuildPhase section */
		FA465E7C18BFB7E100B59BCC /* Frameworks */ = {
			isa = PBXFrameworksBuildPhase;
			buildActionMask = 2147483647;
			files = (
				FA465E8518BFB7E100B59BCC /* CoreGraphics.framework in Frameworks */,
				FA465E8718BFB7E100B59BCC /* UIKit.framework in Frameworks */,
				FA465E8318BFB7E100B59BCC /* Foundation.framework in Frameworks */,
				24A46DB1965947A09D6E379B /* libPods.a in Frameworks */,
			);
			runOnlyForDeploymentPostprocessing = 0;
		};
		FA71A85D18C5EE80005916EA /* Frameworks */ = {
			isa = PBXFrameworksBuildPhase;
			buildActionMask = 2147483647;
			files = (
				FA71A86218C5EE80005916EA /* CoreGraphics.framework in Frameworks */,
				FA71A86318C5EE80005916EA /* UIKit.framework in Frameworks */,
				FA71A86118C5EE80005916EA /* Foundation.framework in Frameworks */,
			);
			runOnlyForDeploymentPostprocessing = 0;
		};
/* End PBXFrameworksBuildPhase section */

/* Begin PBXGroup section */
		FA065DD318F3F33A00BD3CAE /* Subspecs */ = {
			isa = PBXGroup;
			children = (
				FA065DCF18F3F33200BD3CAE /* ABMultiton+SetInstance.h */,
				FA065DD018F3F33200BD3CAE /* ABMultiton+SetInstance.m */,
			);
			name = Subspecs;
			sourceTree = "<group>";
		};
		FA22235118C08077009644EE /* ABMultiton */ = {
			isa = PBXGroup;
			children = (
				FA22235318C08077009644EE /* Public */,
				FA22235218C08077009644EE /* Private */,
				FA065DD318F3F33A00BD3CAE /* Subspecs */,
			);
			name = ABMultiton;
			path = ../ABMultiton;
			sourceTree = "<group>";
		};
		FA22235218C08077009644EE /* Private */ = {
			isa = PBXGroup;
			children = (
				FA22235818C08093009644EE /* ABMultitonInjector.h */,
				FA22235918C08093009644EE /* ABMultitonInjector.m */,
			);
			path = Private;
			sourceTree = "<group>";
		};
		FA22235318C08077009644EE /* Public */ = {
			isa = PBXGroup;
			children = (
				FA22235418C08077009644EE /* ABMultiton.h */,
				FA22235518C08077009644EE /* ABMultiton.m */,
				FA22235618C08077009644EE /* ABMultitonProtocol.h */,
			);
			path = Public;
			sourceTree = "<group>";
		};
		FA465E7618BFB7E100B59BCC = {
			isa = PBXGroup;
			children = (
				FA22235118C08077009644EE /* ABMultiton */,
				FA465E8818BFB7E100B59BCC /* ABMultitonSpec */,
				FA71A86418C5EE80005916EA /* ABMultitonApp */,
				FA465E8118BFB7E100B59BCC /* Frameworks */,
				FA465E8018BFB7E100B59BCC /* Products */,
				6D810A32498047E3AE2E0668 /* Pods.xcconfig */,
			);
			sourceTree = "<group>";
		};
		FA465E8018BFB7E100B59BCC /* Products */ = {
			isa = PBXGroup;
			children = (
				FA465E7F18BFB7E100B59BCC /* ABMultitonSpec.app */,
				FA71A86018C5EE80005916EA /* ABMultitonApp.app */,
			);
			name = Products;
			sourceTree = "<group>";
		};
		FA465E8118BFB7E100B59BCC /* Frameworks */ = {
			isa = PBXGroup;
			children = (
				FA465E8218BFB7E100B59BCC /* Foundation.framework */,
				FA465E8418BFB7E100B59BCC /* CoreGraphics.framework */,
				FA465E8618BFB7E100B59BCC /* UIKit.framework */,
				FA465E9B18BFB7E100B59BCC /* XCTest.framework */,
				39007D8C259A4DC9B9A0AD65 /* libPods.a */,
			);
			name = Frameworks;
			sourceTree = "<group>";
		};
		FA465E8818BFB7E100B59BCC /* ABMultitonSpec */ = {
			isa = PBXGroup;
			children = (
				FA465EB118BFB93600B59BCC /* Spec */,
				FA465EB918BFD9F800B59BCC /* Classes */,
				FA465E8918BFB7E100B59BCC /* Supporting Files */,
			);
			path = ABMultitonSpec;
			sourceTree = "<group>";
		};
		FA465E8918BFB7E100B59BCC /* Supporting Files */ = {
			isa = PBXGroup;
			children = (
				FA465E9418BFB7E100B59BCC /* Images.xcassets */,
				FA465E8A18BFB7E100B59BCC /* ABMultitonSpec-Info.plist */,
				FA465E8B18BFB7E100B59BCC /* InfoPlist.strings */,
				FA465E8E18BFB7E100B59BCC /* main.m */,
				FA465E9018BFB7E100B59BCC /* ABMultitonSpec-Prefix.pch */,
			);
			name = "Supporting Files";
			sourceTree = "<group>";
		};
		FA465EB118BFB93600B59BCC /* Spec */ = {
			isa = PBXGroup;
			children = (
				FA465EB218BFB94900B59BCC /* ABMultitonSpec.mm */,
				FA065DD418F3F62E00BD3CAE /* ABMultitonSetInstanceSpec.mm */,
			);
			name = Spec;
			sourceTree = "<group>";
		};
		FA465EB918BFD9F800B59BCC /* Classes */ = {
			isa = PBXGroup;
			children = (
				FA465EBA18BFDA2A00B59BCC /* SimpleObject.h */,
				FA465EBB18BFDA2A00B59BCC /* SimpleObject.m */,
				FA22234E18C07E2E009644EE /* MagicObject.h */,
				FA22234F18C07E2E009644EE /* MagicObject.m */,
			);
			name = Classes;
			sourceTree = "<group>";
		};
		FA71A86418C5EE80005916EA /* ABMultitonApp */ = {
			isa = PBXGroup;
			children = (
				FA71A88A18C5EE9C005916EA /* AppDelegate */,
				FA71A86518C5EE80005916EA /* Supporting Files */,
			);
			path = ABMultitonApp;
			sourceTree = "<group>";
		};
		FA71A86518C5EE80005916EA /* Supporting Files */ = {
			isa = PBXGroup;
			children = (
				FA71A87018C5EE80005916EA /* Images.xcassets */,
				FA71A86618C5EE80005916EA /* ABMultitonApp-Info.plist */,
				FA71A86718C5EE80005916EA /* InfoPlist.strings */,
				FA71A86A18C5EE80005916EA /* main.m */,
				FA71A86C18C5EE80005916EA /* ABMultitonApp-Prefix.pch */,
			);
			name = "Supporting Files";
			sourceTree = "<group>";
		};
		FA71A88A18C5EE9C005916EA /* AppDelegate */ = {
			isa = PBXGroup;
			children = (
				FA71A86D18C5EE80005916EA /* AppDelegate.h */,
				FA71A86E18C5EE80005916EA /* AppDelegate.m */,
			);
			name = AppDelegate;
			sourceTree = "<group>";
		};
/* End PBXGroup section */

/* Begin PBXNativeTarget section */
		FA465E7E18BFB7E100B59BCC /* ABMultitonSpec */ = {
			isa = PBXNativeTarget;
			buildConfigurationList = FA465EAB18BFB7E100B59BCC /* Build configuration list for PBXNativeTarget "ABMultitonSpec" */;
			buildPhases = (
				22A53E5892744F99BE0733AE /* Check Pods Manifest.lock */,
				FA465E7B18BFB7E100B59BCC /* Sources */,
				FA465E7C18BFB7E100B59BCC /* Frameworks */,
				FA465E7D18BFB7E100B59BCC /* Resources */,
				C5B507BB47744485B48ACAE1 /* Copy Pods Resources */,
			);
			buildRules = (
			);
			dependencies = (
			);
			name = ABMultitonSpec;
			productName = ABMultitonSpec;
			productReference = FA465E7F18BFB7E100B59BCC /* ABMultitonSpec.app */;
			productType = "com.apple.product-type.application";
		};
		FA71A85F18C5EE80005916EA /* ABMultitonApp */ = {
			isa = PBXNativeTarget;
			buildConfigurationList = FA71A88818C5EE80005916EA /* Build configuration list for PBXNativeTarget "ABMultitonApp" */;
			buildPhases = (
				FA71A85C18C5EE80005916EA /* Sources */,
				FA71A85D18C5EE80005916EA /* Frameworks */,
				FA71A85E18C5EE80005916EA /* Resources */,
			);
			buildRules = (
			);
			dependencies = (
			);
			name = ABMultitonApp;
			productName = ABMultitonApp;
			productReference = FA71A86018C5EE80005916EA /* ABMultitonApp.app */;
			productType = "com.apple.product-type.application";
		};
/* End PBXNativeTarget section */

/* Begin PBXProject section */
		FA465E7718BFB7E100B59BCC /* Project object */ = {
			isa = PBXProject;
			attributes = {
				LastUpgradeCheck = 0510;
				ORGANIZATIONNAME = okolodev;
			};
			buildConfigurationList = FA465E7A18BFB7E100B59BCC /* Build configuration list for PBXProject "ABMultitonSpec" */;
			compatibilityVersion = "Xcode 3.2";
			developmentRegion = English;
			hasScannedForEncodings = 0;
			knownRegions = (
				en,
			);
			mainGroup = FA465E7618BFB7E100B59BCC;
			productRefGroup = FA465E8018BFB7E100B59BCC /* Products */;
			projectDirPath = "";
			projectRoot = "";
			targets = (
				FA465E7E18BFB7E100B59BCC /* ABMultitonSpec */,
				FA71A85F18C5EE80005916EA /* ABMultitonApp */,
			);
		};
/* End PBXProject section */

/* Begin PBXResourcesBuildPhase section */
		FA465E7D18BFB7E100B59BCC /* Resources */ = {
			isa = PBXResourcesBuildPhase;
			buildActionMask = 2147483647;
			files = (
				FA465E8D18BFB7E100B59BCC /* InfoPlist.strings in Resources */,
				FA465E9518BFB7E100B59BCC /* Images.xcassets in Resources */,
			);
			runOnlyForDeploymentPostprocessing = 0;
		};
		FA71A85E18C5EE80005916EA /* Resources */ = {
			isa = PBXResourcesBuildPhase;
			buildActionMask = 2147483647;
			files = (
				FA71A86918C5EE80005916EA /* InfoPlist.strings in Resources */,
				FA71A87118C5EE80005916EA /* Images.xcassets in Resources */,
			);
			runOnlyForDeploymentPostprocessing = 0;
		};
/* End PBXResourcesBuildPhase section */

/* Begin PBXShellScriptBuildPhase section */
		22A53E5892744F99BE0733AE /* Check Pods Manifest.lock */ = {
			isa = PBXShellScriptBuildPhase;
			buildActionMask = 2147483647;
			files = (
			);
			inputPaths = (
			);
			name = "Check Pods Manifest.lock";
			outputPaths = (
			);
			runOnlyForDeploymentPostprocessing = 0;
			shellPath = /bin/sh;
			shellScript = "diff \"${PODS_ROOT}/../Podfile.lock\" \"${PODS_ROOT}/Manifest.lock\" > /dev/null\nif [[ $? != 0 ]] ; then\n    cat << EOM\nerror: The sandbox is not in sync with the Podfile.lock. Run 'pod install' or update your CocoaPods installation.\nEOM\n    exit 1\nfi\n";
			showEnvVarsInLog = 0;
		};
		C5B507BB47744485B48ACAE1 /* Copy Pods Resources */ = {
			isa = PBXShellScriptBuildPhase;
			buildActionMask = 2147483647;
			files = (
			);
			inputPaths = (
			);
			name = "Copy Pods Resources";
			outputPaths = (
			);
			runOnlyForDeploymentPostprocessing = 0;
			shellPath = /bin/sh;
			shellScript = "\"${SRCROOT}/Pods/Pods-resources.sh\"\n";
			showEnvVarsInLog = 0;
		};
/* End PBXShellScriptBuildPhase section */

/* Begin PBXSourcesBuildPhase section */
		FA465E7B18BFB7E100B59BCC /* Sources */ = {
			isa = PBXSourcesBuildPhase;
			buildActionMask = 2147483647;
			files = (
				FA22235A18C08093009644EE /* ABMultitonInjector.m in Sources */,
				FA465E8F18BFB7E100B59BCC /* main.m in Sources */,
				FA22235018C07E2E009644EE /* MagicObject.m in Sources */,
				FA465EBC18BFDA2A00B59BCC /* SimpleObject.m in Sources */,
				FA465EB318BFB94900B59BCC /* ABMultitonSpec.mm in Sources */,
				FA065DD118F3F33200BD3CAE /* ABMultiton+SetInstance.m in Sources */,
				FA22235718C08077009644EE /* ABMultiton.m in Sources */,
				FA065DD518F3F62E00BD3CAE /* ABMultitonSetInstanceSpec.mm in Sources */,
			);
			runOnlyForDeploymentPostprocessing = 0;
		};
		FA71A85C18C5EE80005916EA /* Sources */ = {
			isa = PBXSourcesBuildPhase;
			buildActionMask = 2147483647;
			files = (
				FA71A88D18C5EF78005916EA /* ABMultitonInjector.m in Sources */,
				FA71A86F18C5EE80005916EA /* AppDelegate.m in Sources */,
				FA71A88B18C5EECD005916EA /* MagicObject.m in Sources */,
				FA71A88C18C5EF5D005916EA /* ABMultiton.m in Sources */,
				FA71A86B18C5EE80005916EA /* main.m in Sources */,
			);
			runOnlyForDeploymentPostprocessing = 0;
		};
/* End PBXSourcesBuildPhase section */

/* Begin PBXVariantGroup section */
		FA465E8B18BFB7E100B59BCC /* InfoPlist.strings */ = {
			isa = PBXVariantGroup;
			children = (
				FA465E8C18BFB7E100B59BCC /* en */,
			);
			name = InfoPlist.strings;
			sourceTree = "<group>";
		};
		FA71A86718C5EE80005916EA /* InfoPlist.strings */ = {
			isa = PBXVariantGroup;
			children = (
				FA71A86818C5EE80005916EA /* en */,
			);
			name = InfoPlist.strings;
			sourceTree = "<group>";
		};
/* End PBXVariantGroup section */

/* Begin XCBuildConfiguration section */
		FA465EA918BFB7E100B59BCC /* Debug */ = {
			isa = XCBuildConfiguration;
			buildSettings = {
				ALWAYS_SEARCH_USER_PATHS = NO;
				CLANG_CXX_LANGUAGE_STANDARD = "gnu++0x";
				CLANG_CXX_LIBRARY = "libc++";
				CLANG_ENABLE_MODULES = YES;
				CLANG_ENABLE_OBJC_ARC = YES;
				CLANG_WARN_BOOL_CONVERSION = YES;
				CLANG_WARN_CONSTANT_CONVERSION = YES;
				CLANG_WARN_DIRECT_OBJC_ISA_USAGE = YES_ERROR;
				CLANG_WARN_EMPTY_BODY = YES;
				CLANG_WARN_ENUM_CONVERSION = YES;
				CLANG_WARN_INT_CONVERSION = YES;
				CLANG_WARN_OBJC_ROOT_CLASS = YES_ERROR;
				CLANG_WARN__DUPLICATE_METHOD_MATCH = YES;
				"CODE_SIGN_IDENTITY[sdk=iphoneos*]" = "iPhone Developer";
				COPY_PHASE_STRIP = NO;
				GCC_C_LANGUAGE_STANDARD = gnu99;
				GCC_DYNAMIC_NO_PIC = NO;
				GCC_OPTIMIZATION_LEVEL = 0;
				GCC_PREPROCESSOR_DEFINITIONS = (
					"DEBUG=1",
					"$(inherited)",
				);
				GCC_SYMBOLS_PRIVATE_EXTERN = NO;
				GCC_WARN_64_TO_32_BIT_CONVERSION = YES;
				GCC_WARN_ABOUT_RETURN_TYPE = YES_ERROR;
				GCC_WARN_UNDECLARED_SELECTOR = YES;
				GCC_WARN_UNINITIALIZED_AUTOS = YES;
				GCC_WARN_UNUSED_FUNCTION = YES;
				GCC_WARN_UNUSED_VARIABLE = YES;
				IPHONEOS_DEPLOYMENT_TARGET = 7.0;
				ONLY_ACTIVE_ARCH = YES;
				SDKROOT = iphoneos;
			};
			name = Debug;
		};
		FA465EAA18BFB7E100B59BCC /* Release */ = {
			isa = XCBuildConfiguration;
			buildSettings = {
				ALWAYS_SEARCH_USER_PATHS = NO;
				CLANG_CXX_LANGUAGE_STANDARD = "gnu++0x";
				CLANG_CXX_LIBRARY = "libc++";
				CLANG_ENABLE_MODULES = YES;
				CLANG_ENABLE_OBJC_ARC = YES;
				CLANG_WARN_BOOL_CONVERSION = YES;
				CLANG_WARN_CONSTANT_CONVERSION = YES;
				CLANG_WARN_DIRECT_OBJC_ISA_USAGE = YES_ERROR;
				CLANG_WARN_EMPTY_BODY = YES;
				CLANG_WARN_ENUM_CONVERSION = YES;
				CLANG_WARN_INT_CONVERSION = YES;
				CLANG_WARN_OBJC_ROOT_CLASS = YES_ERROR;
				CLANG_WARN__DUPLICATE_METHOD_MATCH = YES;
				"CODE_SIGN_IDENTITY[sdk=iphoneos*]" = "iPhone Developer";
				COPY_PHASE_STRIP = YES;
				ENABLE_NS_ASSERTIONS = NO;
				GCC_C_LANGUAGE_STANDARD = gnu99;
				GCC_WARN_64_TO_32_BIT_CONVERSION = YES;
				GCC_WARN_ABOUT_RETURN_TYPE = YES_ERROR;
				GCC_WARN_UNDECLARED_SELECTOR = YES;
				GCC_WARN_UNINITIALIZED_AUTOS = YES;
				GCC_WARN_UNUSED_FUNCTION = YES;
				GCC_WARN_UNUSED_VARIABLE = YES;
				IPHONEOS_DEPLOYMENT_TARGET = 7.0;
				SDKROOT = iphoneos;
				VALIDATE_PRODUCT = YES;
			};
			name = Release;
		};
		FA465EAC18BFB7E100B59BCC /* Debug */ = {
			isa = XCBuildConfiguration;
			baseConfigurationReference = 6D810A32498047E3AE2E0668 /* Pods.xcconfig */;
			buildSettings = {
				ASSETCATALOG_COMPILER_APPICON_NAME = AppIcon;
				ASSETCATALOG_COMPILER_LAUNCHIMAGE_NAME = LaunchImage;
				CLANG_CXX_LANGUAGE_STANDARD = "gnu++0x";
				GCC_PRECOMPILE_PREFIX_HEADER = YES;
				GCC_PREFIX_HEADER = "ABMultitonSpec/ABMultitonSpec-Prefix.pch";
				INFOPLIST_FILE = "ABMultitonSpec/ABMultitonSpec-Info.plist";
				PRODUCT_NAME = "$(TARGET_NAME)";
				WRAPPER_EXTENSION = app;
			};
			name = Debug;
		};
		FA465EAD18BFB7E100B59BCC /* Release */ = {
			isa = XCBuildConfiguration;
			baseConfigurationReference = 6D810A32498047E3AE2E0668 /* Pods.xcconfig */;
			buildSettings = {
				ASSETCATALOG_COMPILER_APPICON_NAME = AppIcon;
				ASSETCATALOG_COMPILER_LAUNCHIMAGE_NAME = LaunchImage;
				CLANG_CXX_LANGUAGE_STANDARD = "gnu++0x";
				GCC_PRECOMPILE_PREFIX_HEADER = YES;
				GCC_PREFIX_HEADER = "ABMultitonSpec/ABMultitonSpec-Prefix.pch";
				INFOPLIST_FILE = "ABMultitonSpec/ABMultitonSpec-Info.plist";
				PRODUCT_NAME = "$(TARGET_NAME)";
				WRAPPER_EXTENSION = app;
			};
			name = Release;
		};
		FA71A88418C5EE80005916EA /* Debug */ = {
			isa = XCBuildConfiguration;
			buildSettings = {
				ASSETCATALOG_COMPILER_APPICON_NAME = AppIcon;
				ASSETCATALOG_COMPILER_LAUNCHIMAGE_NAME = LaunchImage;
				GCC_PRECOMPILE_PREFIX_HEADER = YES;
				GCC_PREFIX_HEADER = "ABMultitonApp/ABMultitonApp-Prefix.pch";
				GCC_PREPROCESSOR_DEFINITIONS = (
					"DEBUG=1",
					"$(inherited)",
				);
				INFOPLIST_FILE = "ABMultitonApp/ABMultitonApp-Info.plist";
				PRODUCT_NAME = "$(TARGET_NAME)";
				WRAPPER_EXTENSION = app;
			};
			name = Debug;
		};
		FA71A88518C5EE80005916EA /* Release */ = {
			isa = XCBuildConfiguration;
			buildSettings = {
				ASSETCATALOG_COMPILER_APPICON_NAME = AppIcon;
				ASSETCATALOG_COMPILER_LAUNCHIMAGE_NAME = LaunchImage;
				GCC_PRECOMPILE_PREFIX_HEADER = YES;
				GCC_PREFIX_HEADER = "ABMultitonApp/ABMultitonApp-Prefix.pch";
				INFOPLIST_FILE = "ABMultitonApp/ABMultitonApp-Info.plist";
				PRODUCT_NAME = "$(TARGET_NAME)";
				WRAPPER_EXTENSION = app;
			};
			name = Release;
		};
/* End XCBuildConfiguration section */

/* Begin XCConfigurationList section */
		FA465E7A18BFB7E100B59BCC /* Build configuration list for PBXProject "ABMultitonSpec" */ = {
			isa = XCConfigurationList;
			buildConfigurations = (
				FA465EA918BFB7E100B59BCC /* Debug */,
				FA465EAA18BFB7E100B59BCC /* Release */,
			);
			defaultConfigurationIsVisible = 0;
			defaultConfigurationName = Release;
		};
		FA465EAB18BFB7E100B59BCC /* Build configuration list for PBXNativeTarget "ABMultitonSpec" */ = {
			isa = XCConfigurationList;
			buildConfigurations = (
				FA465EAC18BFB7E100B59BCC /* Debug */,
				FA465EAD18BFB7E100B59BCC /* Release */,
			);
			defaultConfigurationIsVisible = 0;
			defaultConfigurationName = Release;
		};
		FA71A88818C5EE80005916EA /* Build configuration list for PBXNativeTarget "ABMultitonApp" */ = {
			isa = XCConfigurationList;
			buildConfigurations = (
				FA71A88418C5EE80005916EA /* Debug */,
				FA71A88518C5EE80005916EA /* Release */,
			);
			defaultConfigurationIsVisible = 0;
			defaultConfigurationName = Release;
		};
/* End XCConfigurationList section */
	};
	rootObject = FA465E7718BFB7E100B59BCC /* Project object */;
}
